// !$*UTF8*$!
{
	archiveVersion = 1;
	classes = {
	};
	objectVersion = 46;
	objects = {

/* Begin PBXBuildFile section */
		6F4DFB9E14BA2B2200B110D2 /* UIKit.framework in Frameworks */ = {isa = PBXBuildFile; fileRef = 6F4DFB9D14BA2B2200B110D2 /* UIKit.framework */; };
		6F4DFBA014BA2B2200B110D2 /* Foundation.framework in Frameworks */ = {isa = PBXBuildFile; fileRef = 6F4DFB9F14BA2B2200B110D2 /* Foundation.framework */; };
		6F4DFBA214BA2B2200B110D2 /* CoreGraphics.framework in Frameworks */ = {isa = PBXBuildFile; fileRef = 6F4DFBA114BA2B2200B110D2 /* CoreGraphics.framework */; };
		6F4DFBA814BA2B2200B110D2 /* InfoPlist.strings in Resources */ = {isa = PBXBuildFile; fileRef = 6F4DFBA614BA2B2200B110D2 /* InfoPlist.strings */; };
		6F4DFBAA14BA2B2200B110D2 /* main.m in Sources */ = {isa = PBXBuildFile; fileRef = 6F4DFBA914BA2B2200B110D2 /* main.m */; };
		6F4DFBAE14BA2B2200B110D2 /* AppDelegate.m in Sources */ = {isa = PBXBuildFile; fileRef = 6F4DFBAD14BA2B2200B110D2 /* AppDelegate.m */; };
		6F4DFBB114BA2B2200B110D2 /* MainStoryboard.storyboard in Resources */ = {isa = PBXBuildFile; fileRef = 6F4DFBAF14BA2B2200B110D2 /* MainStoryboard.storyboard */; };
		6F4DFBB414BA2B2200B110D2 /* MasterViewController.m in Sources */ = {isa = PBXBuildFile; fileRef = 6F4DFBB314BA2B2200B110D2 /* MasterViewController.m */; };
		6F4DFBB714BA2B2200B110D2 /* DetailViewController.m in Sources */ = {isa = PBXBuildFile; fileRef = 6F4DFBB614BA2B2200B110D2 /* DetailViewController.m */; };
		E36FAA47173B1112007E6F86 /* Default-568h@2x.png in Resources */ = {isa = PBXBuildFile; fileRef = E36FAA46173B1112007E6F86 /* Default-568h@2x.png */; };
		E36FAA4A173C8F1F007E6F86 /* Default.png in Resources */ = {isa = PBXBuildFile; fileRef = E36FAA48173C8F1F007E6F86 /* Default.png */; };
		E36FAA4B173C8F1F007E6F86 /* Default@2x.png in Resources */ = {isa = PBXBuildFile; fileRef = E36FAA49173C8F1F007E6F86 /* Default@2x.png */; };
		E36FAA4E173C94C1007E6F86 /* tweetapp.png in Resources */ = {isa = PBXBuildFile; fileRef = E36FAA4C173C94C1007E6F86 /* tweetapp.png */; };
		E36FAA4F173C94C1007E6F86 /* retina_tweetapp.png in Resources */ = {isa = PBXBuildFile; fileRef = E36FAA4D173C94C1007E6F86 /* retina_tweetapp.png */; };
		E381E8901739DAC300ADCBFD /* Accounts.framework in Frameworks */ = {isa = PBXBuildFile; fileRef = E381E88F1739DAC300ADCBFD /* Accounts.framework */; };
		E381E8921739E09800ADCBFD /* Social.framework in Frameworks */ = {isa = PBXBuildFile; fileRef = E381E8911739E09800ADCBFD /* Social.framework */; };
		E38C919E1744521400C827CE /* ViewController.m in Sources */ = {isa = PBXBuildFile; fileRef = E38C91991744521400C827CE /* ViewController.m */; };
		E38C919F1744521400C827CE /* ViewController.xib in Resources */ = {isa = PBXBuildFile; fileRef = E38C919A1744521400C827CE /* ViewController.xib */; };
		E38C91A01744521400C827CE /* CustomCollectionCellView.xib in Resources */ = {isa = PBXBuildFile; fileRef = E38C919B1744521400C827CE /* CustomCollectionCellView.xib */; };
		E38C91A11744521400C827CE /* CustomCollectionCellView.m in Sources */ = {isa = PBXBuildFile; fileRef = E38C919D1744521400C827CE /* CustomCollectionCellView.m */; };
		E38C91A5174491F800C827CE /* img2.png in Resources */ = {isa = PBXBuildFile; fileRef = E38C91A3174491F800C827CE /* img2.png */; };
		E38C91A6174491F800C827CE /* img1.png in Resources */ = {isa = PBXBuildFile; fileRef = E38C91A4174491F800C827CE /* img1.png */; };
		E38C91AA17457E8D00C827CE /* FriendDetailViewController.m in Sources */ = {isa = PBXBuildFile; fileRef = E38C91A817457E8D00C827CE /* FriendDetailViewController.m */; };
		E38C91AB17457E8D00C827CE /* FriendDetailViewController.xib in Resources */ = {isa = PBXBuildFile; fileRef = E38C91A917457E8D00C827CE /* FriendDetailViewController.xib */; };
/* End PBXBuildFile section */

/* Begin PBXFileReference section */
		6F4DFB9914BA2B2200B110D2 /* TwitterApp.app */ = {isa = PBXFileReference; explicitFileType = wrapper.application; includeInIndex = 0; path = TwitterApp.app; sourceTree = BUILT_PRODUCTS_DIR; };
		6F4DFB9D14BA2B2200B110D2 /* UIKit.framework */ = {isa = PBXFileReference; lastKnownFileType = wrapper.framework; name = UIKit.framework; path = System/Library/Frameworks/UIKit.framework; sourceTree = SDKROOT; };
		6F4DFB9F14BA2B2200B110D2 /* Foundation.framework */ = {isa = PBXFileReference; lastKnownFileType = wrapper.framework; name = Foundation.framework; path = System/Library/Frameworks/Foundation.framework; sourceTree = SDKROOT; };
		6F4DFBA114BA2B2200B110D2 /* CoreGraphics.framework */ = {isa = PBXFileReference; lastKnownFileType = wrapper.framework; name = CoreGraphics.framework; path = System/Library/Frameworks/CoreGraphics.framework; sourceTree = SDKROOT; };
		6F4DFBA514BA2B2200B110D2 /* TwitterApp-Info.plist */ = {isa = PBXFileReference; lastKnownFileType = text.plist.xml; path = "TwitterApp-Info.plist"; sourceTree = "<group>"; };
		6F4DFBA714BA2B2200B110D2 /* en */ = {isa = PBXFileReference; lastKnownFileType = text.plist.strings; name = en; path = en.lproj/InfoPlist.strings; sourceTree = "<group>"; };
		6F4DFBA914BA2B2200B110D2 /* main.m */ = {isa = PBXFileReference; lastKnownFileType = sourcecode.c.objc; path = main.m; sourceTree = "<group>"; };
		6F4DFBAB14BA2B2200B110D2 /* TwitterApp-Prefix.pch */ = {isa = PBXFileReference; lastKnownFileType = sourcecode.c.h; path = "TwitterApp-Prefix.pch"; sourceTree = "<group>"; };
		6F4DFBAC14BA2B2200B110D2 /* AppDelegate.h */ = {isa = PBXFileReference; lastKnownFileType = sourcecode.c.h; path = AppDelegate.h; sourceTree = "<group>"; };
		6F4DFBAD14BA2B2200B110D2 /* AppDelegate.m */ = {isa = PBXFileReference; lastKnownFileType = sourcecode.c.objc; path = AppDelegate.m; sourceTree = "<group>"; };
		6F4DFBB014BA2B2200B110D2 /* en */ = {isa = PBXFileReference; lastKnownFileType = file.storyboard; name = en; path = en.lproj/MainStoryboard.storyboard; sourceTree = "<group>"; };
		6F4DFBB214BA2B2200B110D2 /* MasterViewController.h */ = {isa = PBXFileReference; lastKnownFileType = sourcecode.c.h; path = MasterViewController.h; sourceTree = "<group>"; };
		6F4DFBB314BA2B2200B110D2 /* MasterViewController.m */ = {isa = PBXFileReference; lastKnownFileType = sourcecode.c.objc; path = MasterViewController.m; sourceTree = "<group>"; };
		6F4DFBB514BA2B2200B110D2 /* DetailViewController.h */ = {isa = PBXFileReference; lastKnownFileType = sourcecode.c.h; path = DetailViewController.h; sourceTree = "<group>"; };
		6F4DFBB614BA2B2200B110D2 /* DetailViewController.m */ = {isa = PBXFileReference; lastKnownFileType = sourcecode.c.objc; path = DetailViewController.m; sourceTree = "<group>"; };
		E36FAA46173B1112007E6F86 /* Default-568h@2x.png */ = {isa = PBXFileReference; lastKnownFileType = image.png; path = "Default-568h@2x.png"; sourceTree = "<group>"; };
		E36FAA48173C8F1F007E6F86 /* Default.png */ = {isa = PBXFileReference; lastKnownFileType = image.png; path = Default.png; sourceTree = "<group>"; };
		E36FAA49173C8F1F007E6F86 /* Default@2x.png */ = {isa = PBXFileReference; lastKnownFileType = image.png; path = "Default@2x.png"; sourceTree = "<group>"; };
		E36FAA4C173C94C1007E6F86 /* tweetapp.png */ = {isa = PBXFileReference; lastKnownFileType = image.png; path = tweetapp.png; sourceTree = "<group>"; };
		E36FAA4D173C94C1007E6F86 /* retina_tweetapp.png */ = {isa = PBXFileReference; lastKnownFileType = image.png; path = retina_tweetapp.png; sourceTree = "<group>"; };
		E381E88F1739DAC300ADCBFD /* Accounts.framework */ = {isa = PBXFileReference; lastKnownFileType = wrapper.framework; name = Accounts.framework; path = System/Library/Frameworks/Accounts.framework; sourceTree = SDKROOT; };
		E381E8911739E09800ADCBFD /* Social.framework */ = {isa = PBXFileReference; lastKnownFileType = wrapper.framework; name = Social.framework; path = System/Library/Frameworks/Social.framework; sourceTree = SDKROOT; };
		E38C91981744521400C827CE /* ViewController.h */ = {isa = PBXFileReference; fileEncoding = 4; lastKnownFileType = sourcecode.c.h; name = ViewController.h; path = ../ViewController.h; sourceTree = "<group>"; };
		E38C91991744521400C827CE /* ViewController.m */ = {isa = PBXFileReference; fileEncoding = 4; lastKnownFileType = sourcecode.c.objc; name = ViewController.m; path = ../ViewController.m; sourceTree = "<group>"; };
		E38C919A1744521400C827CE /* ViewController.xib */ = {isa = PBXFileReference; fileEncoding = 4; lastKnownFileType = file.xib; name = ViewController.xib; path = ../ViewController.xib; sourceTree = "<group>"; };
		E38C919B1744521400C827CE /* CustomCollectionCellView.xib */ = {isa = PBXFileReference; fileEncoding = 4; lastKnownFileType = file.xib; name = CustomCollectionCellView.xib; path = ../CustomCollectionCellView.xib; sourceTree = "<group>"; };
		E38C919C1744521400C827CE /* CustomCollectionCellView.h */ = {isa = PBXFileReference; fileEncoding = 4; lastKnownFileType = sourcecode.c.h; name = CustomCollectionCellView.h; path = ../CustomCollectionCellView.h; sourceTree = "<group>"; };
		E38C919D1744521400C827CE /* CustomCollectionCellView.m */ = {isa = PBXFileReference; fileEncoding = 4; lastKnownFileType = sourcecode.c.objc; name = CustomCollectionCellView.m; path = ../CustomCollectionCellView.m; sourceTree = "<group>"; };
		E38C91A3174491F800C827CE /* img2.png */ = {isa = PBXFileReference; lastKnownFileType = image.png; path = img2.png; sourceTree = "<group>"; };
		E38C91A4174491F800C827CE /* img1.png */ = {isa = PBXFileReference; lastKnownFileType = image.png; path = img1.png; sourceTree = "<group>"; };
		E38C91A717457E8C00C827CE /* FriendDetailViewController.h */ = {isa = PBXFileReference; fileEncoding = 4; lastKnownFileType = sourcecode.c.h; path = FriendDetailViewController.h; sourceTree = "<group>"; };
		E38C91A817457E8D00C827CE /* FriendDetailViewController.m */ = {isa = PBXFileReference; fileEncoding = 4; lastKnownFileType = sourcecode.c.objc; path = FriendDetailViewController.m; sourceTree = "<group>"; };
		E38C91A917457E8D00C827CE /* FriendDetailViewController.xib */ = {isa = PBXFileReference; fileEncoding = 4; lastKnownFileType = file.xib; path = FriendDetailViewController.xib; sourceTree = "<group>"; };
/* End PBXFileReference section */

/* Begin PBXFrameworksBuildPhase section */
		6F4DFB9614BA2B2200B110D2 /* Frameworks */ = {
			isa = PBXFrameworksBuildPhase;
			buildActionMask = 2147483647;
			files = (
				E381E8921739E09800ADCBFD /* Social.framework in Frameworks */,
				E381E8901739DAC300ADCBFD /* Accounts.framework in Frameworks */,
				6F4DFB9E14BA2B2200B110D2 /* UIKit.framework in Frameworks */,
				6F4DFBA014BA2B2200B110D2 /* Foundation.framework in Frameworks */,
				6F4DFBA214BA2B2200B110D2 /* CoreGraphics.framework in Frameworks */,
			);
			runOnlyForDeploymentPostprocessing = 0;
		};
/* End PBXFrameworksBuildPhase section */

/* Begin PBXGroup section */
		6F4DFB8E14BA2B2200B110D2 = {
			isa = PBXGroup;
			children = (
				E38C91A3174491F800C827CE /* img2.png */,
				E38C91A4174491F800C827CE /* img1.png */,
				E36FAA4C173C94C1007E6F86 /* tweetapp.png */,
				E36FAA4D173C94C1007E6F86 /* retina_tweetapp.png */,
				E36FAA46173B1112007E6F86 /* Default-568h@2x.png */,
				E36FAA48173C8F1F007E6F86 /* Default.png */,
				E36FAA49173C8F1F007E6F86 /* Default@2x.png */,
				6F4DFBA314BA2B2200B110D2 /* TwitterApp */,
				6F4DFB9C14BA2B2200B110D2 /* Frameworks */,
				6F4DFB9A14BA2B2200B110D2 /* Products */,
			);
			sourceTree = "<group>";
		};
		6F4DFB9A14BA2B2200B110D2 /* Products */ = {
			isa = PBXGroup;
			children = (
				6F4DFB9914BA2B2200B110D2 /* TwitterApp.app */,
			);
			name = Products;
			sourceTree = "<group>";
		};
		6F4DFB9C14BA2B2200B110D2 /* Frameworks */ = {
			isa = PBXGroup;
			children = (
				E381E8911739E09800ADCBFD /* Social.framework */,
				E381E88F1739DAC300ADCBFD /* Accounts.framework */,
				6F4DFB9D14BA2B2200B110D2 /* UIKit.framework */,
				6F4DFB9F14BA2B2200B110D2 /* Foundation.framework */,
				6F4DFBA114BA2B2200B110D2 /* CoreGraphics.framework */,
			);
			name = Frameworks;
			sourceTree = "<group>";
		};
		6F4DFBA314BA2B2200B110D2 /* TwitterApp */ = {
			isa = PBXGroup;
			children = (
				6F4DFBAC14BA2B2200B110D2 /* AppDelegate.h */,
				6F4DFBAD14BA2B2200B110D2 /* AppDelegate.m */,
				E38C91981744521400C827CE /* ViewController.h */,
				E38C91991744521400C827CE /* ViewController.m */,
				E38C919A1744521400C827CE /* ViewController.xib */,
				E38C919C1744521400C827CE /* CustomCollectionCellView.h */,
				E38C919D1744521400C827CE /* CustomCollectionCellView.m */,
				E38C919B1744521400C827CE /* CustomCollectionCellView.xib */,
				E38C91A717457E8C00C827CE /* FriendDetailViewController.h */,
				E38C91A817457E8D00C827CE /* FriendDetailViewController.m */,
				E38C91A917457E8D00C827CE /* FriendDetailViewController.xib */,
				6F4DFBAF14BA2B2200B110D2 /* MainStoryboard.storyboard */,
				6F4DFBB214BA2B2200B110D2 /* MasterViewController.h */,
				6F4DFBB314BA2B2200B110D2 /* MasterViewController.m */,
				6F4DFBB514BA2B2200B110D2 /* DetailViewController.h */,
				6F4DFBB614BA2B2200B110D2 /* DetailViewController.m */,
				6F4DFBA414BA2B2200B110D2 /* Supporting Files */,
			);
			name = TwitterApp;
			path = "Twitter Test";
			sourceTree = "<group>";
		};
		6F4DFBA414BA2B2200B110D2 /* Supporting Files */ = {
			isa = PBXGroup;
			children = (
				6F4DFBA514BA2B2200B110D2 /* TwitterApp-Info.plist */,
				6F4DFBA614BA2B2200B110D2 /* InfoPlist.strings */,
				6F4DFBA914BA2B2200B110D2 /* main.m */,
				6F4DFBAB14BA2B2200B110D2 /* TwitterApp-Prefix.pch */,
			);
			name = "Supporting Files";
			sourceTree = "<group>";
		};
/* End PBXGroup section */

/* Begin PBXNativeTarget section */
		6F4DFB9814BA2B2200B110D2 /* TwitterApp */ = {
			isa = PBXNativeTarget;
			buildConfigurationList = 6F4DFBBA14BA2B2200B110D2 /* Build configuration list for PBXNativeTarget "TwitterApp" */;
			buildPhases = (
				6F4DFB9514BA2B2200B110D2 /* Sources */,
				6F4DFB9614BA2B2200B110D2 /* Frameworks */,
				6F4DFB9714BA2B2200B110D2 /* Resources */,
			);
			buildRules = (
			);
			dependencies = (
			);
			name = TwitterApp;
			productName = "Twitter Test";
			productReference = 6F4DFB9914BA2B2200B110D2 /* TwitterApp.app */;
			productType = "com.apple.product-type.application";
		};
/* End PBXNativeTarget section */

/* Begin PBXProject section */
		6F4DFB9014BA2B2200B110D2 /* Project object */ = {
			isa = PBXProject;
			attributes = {
				LastUpgradeCheck = 0460;
			};
			buildConfigurationList = 6F4DFB9314BA2B2200B110D2 /* Build configuration list for PBXProject "TwitterApp" */;
			compatibilityVersion = "Xcode 3.2";
			developmentRegion = English;
			hasScannedForEncodings = 0;
			knownRegions = (
				en,
			);
			mainGroup = 6F4DFB8E14BA2B2200B110D2;
			productRefGroup = 6F4DFB9A14BA2B2200B110D2 /* Products */;
			projectDirPath = "";
			projectRoot = "";
			targets = (
				6F4DFB9814BA2B2200B110D2 /* TwitterApp */,
			);
		};
/* End PBXProject section */

/* Begin PBXResourcesBuildPhase section */
		6F4DFB9714BA2B2200B110D2 /* Resources */ = {
			isa = PBXResourcesBuildPhase;
			buildActionMask = 2147483647;
			files = (
				6F4DFBA814BA2B2200B110D2 /* InfoPlist.strings in Resources */,
				6F4DFBB114BA2B2200B110D2 /* MainStoryboard.storyboard in Resources */,
				E36FAA47173B1112007E6F86 /* Default-568h@2x.png in Resources */,
				E36FAA4A173C8F1F007E6F86 /* Default.png in Resources */,
				E36FAA4B173C8F1F007E6F86 /* Default@2x.png in Resources */,
				E36FAA4E173C94C1007E6F86 /* tweetapp.png in Resources */,
				E36FAA4F173C94C1007E6F86 /* retina_tweetapp.png in Resources */,
				E38C919F1744521400C827CE /* ViewController.xib in Resources */,
				E38C91A01744521400C827CE /* CustomCollectionCellView.xib in Resources */,
				E38C91A5174491F800C827CE /* img2.png in Resources */,
				E38C91A6174491F800C827CE /* img1.png in Resources */,
				E38C91AB17457E8D00C827CE /* FriendDetailViewController.xib in Resources */,
			);
			runOnlyForDeploymentPostprocessing = 0;
		};
/* End PBXResourcesBuildPhase section */

/* Begin PBXSourcesBuildPhase section */
		6F4DFB9514BA2B2200B110D2 /* Sources */ = {
			isa = PBXSourcesBuildPhase;
			buildActionMask = 2147483647;
			files = (
				6F4DFBAA14BA2B2200B110D2 /* main.m in Sources */,
				6F4DFBAE14BA2B2200B110D2 /* AppDelegate.m in Sources */,
				6F4DFBB414BA2B2200B110D2 /* MasterViewController.m in Sources */,
				6F4DFBB714BA2B2200B110D2 /* DetailViewController.m in Sources */,
				E38C919E1744521400C827CE /* ViewController.m in Sources */,
				E38C91A11744521400C827CE /* CustomCollectionCellView.m in Sources */,
				E38C91AA17457E8D00C827CE /* FriendDetailViewController.m in Sources */,
			);
			runOnlyForDeploymentPostprocessing = 0;
		};
/* End PBXSourcesBuildPhase section */

/* Begin PBXVariantGroup section */
		6F4DFBA614BA2B2200B110D2 /* InfoPlist.strings */ = {
			isa = PBXVariantGroup;
			children = (
				6F4DFBA714BA2B2200B110D2 /* en */,
			);
			name = InfoPlist.strings;
			sourceTree = "<group>";
		};
		6F4DFBAF14BA2B2200B110D2 /* MainStoryboard.storyboard */ = {
			isa = PBXVariantGroup;
			children = (
				6F4DFBB014BA2B2200B110D2 /* en */,
			);
			name = MainStoryboard.storyboard;
			sourceTree = "<group>";
		};
/* End PBXVariantGroup section */

/* Begin XCBuildConfiguration section */
		6F4DFBB814BA2B2200B110D2 /* Debug */ = {
			isa = XCBuildConfiguration;
			buildSettings = {
				ALWAYS_SEARCH_USER_PATHS = NO;
				ARCHS = "$(ARCHS_STANDARD_32_BIT)";
				CLANG_ENABLE_OBJC_ARC = YES;
				CLANG_WARN_CONSTANT_CONVERSION = YES;
				CLANG_WARN_ENUM_CONVERSION = YES;
				CLANG_WARN_INT_CONVERSION = YES;
				CLANG_WARN__DUPLICATE_METHOD_MATCH = YES;
				"CODE_SIGN_IDENTITY[sdk=iphoneos*]" = "iPhone Developer";
				COPY_PHASE_STRIP = NO;
				GCC_C_LANGUAGE_STANDARD = gnu99;
				GCC_DYNAMIC_NO_PIC = NO;
				GCC_OPTIMIZATION_LEVEL = 0;
				GCC_PREPROCESSOR_DEFINITIONS = (
					"DEBUG=1",
					"$(inherited)",
				);
				GCC_SYMBOLS_PRIVATE_EXTERN = NO;
				GCC_VERSION = com.apple.compilers.llvm.clang.1_0;
				GCC_WARN_ABOUT_MISSING_PROTOTYPES = YES;
				GCC_WARN_ABOUT_RETURN_TYPE = YES;
				GCC_WARN_UNINITIALIZED_AUTOS = YES;
				GCC_WARN_UNUSED_VARIABLE = YES;
				IPHONEOS_DEPLOYMENT_TARGET = 6.1;
				SDKROOT = iphoneos;
			};
			name = Debug;
		};
		6F4DFBB914BA2B2200B110D2 /* Release */ = {
			isa = XCBuildConfiguration;
			buildSettings = {
				ALWAYS_SEARCH_USER_PATHS = NO;
				ARCHS = "$(ARCHS_STANDARD_32_BIT)";
				CLANG_ENABLE_OBJC_ARC = YES;
				CLANG_WARN_CONSTANT_CONVERSION = YES;
				CLANG_WARN_ENUM_CONVERSION = YES;
				CLANG_WARN_INT_CONVERSION = YES;
				CLANG_WARN__DUPLICATE_METHOD_MATCH = YES;
				"CODE_SIGN_IDENTITY[sdk=iphoneos*]" = "iPhone Developer";
				COPY_PHASE_STRIP = YES;
				GCC_C_LANGUAGE_STANDARD = gnu99;
				GCC_VERSION = com.apple.compilers.llvm.clang.1_0;
				GCC_WARN_ABOUT_MISSING_PROTOTYPES = YES;
				GCC_WARN_ABOUT_RETURN_TYPE = YES;
				GCC_WARN_UNINITIALIZED_AUTOS = YES;
				GCC_WARN_UNUSED_VARIABLE = YES;
				IPHONEOS_DEPLOYMENT_TARGET = 6.1;
				OTHER_CFLAGS = "-DNS_BLOCK_ASSERTIONS=1";
				SDKROOT = iphoneos;
				VALIDATE_PRODUCT = YES;
			};
			name = Release;
		};
		6F4DFBBB14BA2B2200B110D2 /* Debug */ = {
			isa = XCBuildConfiguration;
			buildSettings = {
				GCC_PRECOMPILE_PREFIX_HEADER = YES;
				GCC_PREFIX_HEADER = "Twitter Test/TwitterApp-Prefix.pch";
				INFOPLIST_FILE = "Twitter Test/TwitterApp-Info.plist";
				PRODUCT_NAME = TwitterApp;
				WRAPPER_EXTENSION = app;
			};
			name = Debug;
		};
		6F4DFBBC14BA2B2200B110D2 /* Release */ = {
			isa = XCBuildConfiguration;
			buildSettings = {
				GCC_PRECOMPILE_PREFIX_HEADER = YES;
				GCC_PREFIX_HEADER = "Twitter Test/TwitterApp-Prefix.pch";
				INFOPLIST_FILE = "Twitter Test/TwitterApp-Info.plist";
				PRODUCT_NAME = TwitterApp;
				WRAPPER_EXTENSION = app;
			};
			name = Release;
		};
/* End XCBuildConfiguration section */

/* Begin XCConfigurationList section */
		6F4DFB9314BA2B2200B110D2 /* Build configuration list for PBXProject "TwitterApp" */ = {
			isa = XCConfigurationList;
			buildConfigurations = (
				6F4DFBB814BA2B2200B110D2 /* Debug */,
				6F4DFBB914BA2B2200B110D2 /* Release */,
			);
			defaultConfigurationIsVisible = 0;
			defaultConfigurationName = Release;
		};
		6F4DFBBA14BA2B2200B110D2 /* Build configuration list for PBXNativeTarget "TwitterApp" */ = {
			isa = XCConfigurationList;
			buildConfigurations = (
				6F4DFBBB14BA2B2200B110D2 /* Debug */,
				6F4DFBBC14BA2B2200B110D2 /* Release */,
			);
			defaultConfigurationIsVisible = 0;
			defaultConfigurationName = Release;
		};
/* End XCConfigurationList section */
	};
	rootObject = 6F4DFB9014BA2B2200B110D2 /* Project object */;
}
